
Microsoft Visual Studio Solution File, Format Version 12.00
# Visual Studio 15
VisualStudioVersion = 15.0.27004.2005
MinimumVisualStudioVersion = 10.0.40219.1
Project("{FAE04EC0-301F-11D3-BF4B-00C04F79EFBC}") = "Thales", "Thales\Thales.csproj", "{903C24D6-47EF-4430-BC1B-90E1397EAECC}"
EndProject
Global
	GlobalSection(SolutionConfigurationPlatforms) = preSolution
		Debug|Any CPU = Debug|Any CPU
		Release|Any CPU = Release|Any CPU
	EndGlobalSection
	GlobalSection(ProjectConfigurationPlatforms) = postSolution
		{903C24D6-47EF-4430-BC1B-90E1397EAECC}.Debug|Any CPU.ActiveCfg = Debug|Any CPU
		{903C24D6-47EF-4430-BC1B-90E1397EAECC}.Debug|Any CPU.Build.0 = Debug|Any CPU
		{903C24D6-47EF-4430-BC1B-90E1397EAECC}.Release|Any CPU.ActiveCfg = Release|Any CPU
		{903C24D6-47EF-4430-BC1B-90E1397EAECC}.Release|Any CPU.Build.0 = Release|Any CPU
	EndGlobalSection
	GlobalSection(SolutionProperties) = preSolution
		HideSolutionNode = FALSE
	EndGlobalSection
	GlobalSection(ExtensibilityGlobals) = postSolution
		SolutionGuid = {037079E8-4D58-40AB-8CD4-297990CAA590}
	EndGlobalSection
EndGlobal
